
Microsoft Visual Studio Solution File, Format Version 12.00
# Visual Studio Version 17
VisualStudioVersion = 17.11.35312.102
MinimumVisualStudioVersion = 10.0.40219.1
Project("{FAE04EC0-301F-11D3-BF4B-00C04F79EFBC}") = "CS.Core", "CS.Core\CS.Core.csproj", "{685BE9E3-B60A-4A66-BDFA-9D449838E91D}"
EndProject
Project("{FAE04EC0-301F-11D3-BF4B-00C04F79EFBC}") = "CS.Infrastructure", "CS.Infrastructure\CS.Infrastructure.csproj", "{6FD710FC-64FD-4D41-89E5-C5E1A9358C11}"
EndProject
Project("{FAE04EC0-301F-11D3-BF4B-00C04F79EFBC}") = "CS.WebUI", "CS.WebUI\CS.WebUI.csproj", "{A8D37A24-51EF-4237-9EAB-125EF1896FA5}"
EndProject
Global
	GlobalSection(SolutionConfigurationPlatforms) = preSolution
		Debug|Any CPU = Debug|Any CPU
		Release|Any CPU = Release|Any CPU
	EndGlobalSection
	GlobalSection(ProjectConfigurationPlatforms) = postSolution
		{685BE9E3-B60A-4A66-BDFA-9D449838E91D}.Debug|Any CPU.ActiveCfg = Debug|Any CPU
		{685BE9E3-B60A-4A66-BDFA-9D449838E91D}.Debug|Any CPU.Build.0 = Debug|Any CPU
		{685BE9E3-B60A-4A66-BDFA-9D449838E91D}.Release|Any CPU.ActiveCfg = Release|Any CPU
		{685BE9E3-B60A-4A66-BDFA-9D449838E91D}.Release|Any CPU.Build.0 = Release|Any CPU
		{6FD710FC-64FD-4D41-89E5-C5E1A9358C11}.Debug|Any CPU.ActiveCfg = Debug|Any CPU
		{6FD710FC-64FD-4D41-89E5-C5E1A9358C11}.Debug|Any CPU.Build.0 = Debug|Any CPU
		{6FD710FC-64FD-4D41-89E5-C5E1A9358C11}.Release|Any CPU.ActiveCfg = Release|Any CPU
		{6FD710FC-64FD-4D41-89E5-C5E1A9358C11}.Release|Any CPU.Build.0 = Release|Any CPU
		{A8D37A24-51EF-4237-9EAB-125EF1896FA5}.Debug|Any CPU.ActiveCfg = Debug|Any CPU
		{A8D37A24-51EF-4237-9EAB-125EF1896FA5}.Debug|Any CPU.Build.0 = Debug|Any CPU
		{A8D37A24-51EF-4237-9EAB-125EF1896FA5}.Release|Any CPU.ActiveCfg = Release|Any CPU
		{A8D37A24-51EF-4237-9EAB-125EF1896FA5}.Release|Any CPU.Build.0 = Release|Any CPU
	EndGlobalSection
	GlobalSection(SolutionProperties) = preSolution
		HideSolutionNode = FALSE
	EndGlobalSection
	GlobalSection(ExtensibilityGlobals) = postSolution
		SolutionGuid = {45DF5BCF-3A03-4AD7-A200-C4BCB5BC43CA}
	EndGlobalSection
EndGlobal
