
Microsoft Visual Studio Solution File, Format Version 12.00
# Visual Studio Version 17
VisualStudioVersion = 17.11.35219.272
MinimumVisualStudioVersion = 10.0.40219.1
Project("{FAE04EC0-301F-11D3-BF4B-00C04F79EFBC}") = "LangDemo", "LangDemo\LangDemo.csproj", "{F69A628D-67CF-4871-8108-535D8299F7DC}"
EndProject
Global
	GlobalSection(SolutionConfigurationPlatforms) = preSolution
		Debug|Any CPU = Debug|Any CPU
		Release|Any CPU = Release|Any CPU
	EndGlobalSection
	GlobalSection(ProjectConfigurationPlatforms) = postSolution
		{F69A628D-67CF-4871-8108-535D8299F7DC}.Debug|Any CPU.ActiveCfg = Debug|Any CPU
		{F69A628D-67CF-4871-8108-535D8299F7DC}.Debug|Any CPU.Build.0 = Debug|Any CPU
		{F69A628D-67CF-4871-8108-535D8299F7DC}.Release|Any CPU.ActiveCfg = Release|Any CPU
		{F69A628D-67CF-4871-8108-535D8299F7DC}.Release|Any CPU.Build.0 = Release|Any CPU
	EndGlobalSection
	GlobalSection(SolutionProperties) = preSolution
		HideSolutionNode = FALSE
	EndGlobalSection
	GlobalSection(ExtensibilityGlobals) = postSolution
		SolutionGuid = {411079E8-0E09-418B-AEA6-897A68C83D58}
	EndGlobalSection
EndGlobal
